
Microsoft Visual Studio Solution File, Format Version 12.00
# Visual Studio Version 16
VisualStudioVersion = 16.6.30114.105
MinimumVisualStudioVersion = 10.0.40219.1
Project("{2150E333-8FDC-42A3-9474-1A3956D46DE8}") = "src", "src", "{7546DD36-D0AF-450F-82F1-EF3AA06CBD0A}"
EndProject
Project("{FAE04EC0-301F-11D3-BF4B-00C04F79EFBC}") = "Game", "src\Game\Game.csproj", "{42D25340-848B-4735-B7E3-B5C431F468AB}"
EndProject
Project("{FAE04EC0-301F-11D3-BF4B-00C04F79EFBC}") = "ConsoleApplication", "src\ConsoleApplication\ConsoleApplication.csproj", "{9A45D224-41F1-472F-AB18-7C8E1904202B}"
EndProject
Project("{2150E333-8FDC-42A3-9474-1A3956D46DE8}") = "tests", "tests", "{8F7CF547-6F90-4915-AADD-0E4B1585AA67}"
EndProject
Project("{2150E333-8FDC-42A3-9474-1A3956D46DE8}") = "unit", "unit", "{FCD64226-3FEA-49D7-B195-01FA6FC658AE}"
EndProject
Project("{FAE04EC0-301F-11D3-BF4B-00C04F79EFBC}") = "GameTests", "tests\unit\GameTests\GameTests.csproj", "{BF4917FF-17AE-491C-9816-C936E0E01482}"
EndProject
Global
	GlobalSection(SolutionConfigurationPlatforms) = preSolution
		Debug|Any CPU = Debug|Any CPU
		Debug|x64 = Debug|x64
		Debug|x86 = Debug|x86
		Release|Any CPU = Release|Any CPU
		Release|x64 = Release|x64
		Release|x86 = Release|x86
	EndGlobalSection
	GlobalSection(SolutionProperties) = preSolution
		HideSolutionNode = FALSE
	EndGlobalSection
	GlobalSection(ProjectConfigurationPlatforms) = postSolution
		{42D25340-848B-4735-B7E3-B5C431F468AB}.Debug|Any CPU.ActiveCfg = Debug|Any CPU
		{42D25340-848B-4735-B7E3-B5C431F468AB}.Debug|Any CPU.Build.0 = Debug|Any CPU
		{42D25340-848B-4735-B7E3-B5C431F468AB}.Debug|x64.ActiveCfg = Debug|Any CPU
		{42D25340-848B-4735-B7E3-B5C431F468AB}.Debug|x64.Build.0 = Debug|Any CPU
		{42D25340-848B-4735-B7E3-B5C431F468AB}.Debug|x86.ActiveCfg = Debug|Any CPU
		{42D25340-848B-4735-B7E3-B5C431F468AB}.Debug|x86.Build.0 = Debug|Any CPU
		{42D25340-848B-4735-B7E3-B5C431F468AB}.Release|Any CPU.ActiveCfg = Release|Any CPU
		{42D25340-848B-4735-B7E3-B5C431F468AB}.Release|Any CPU.Build.0 = Release|Any CPU
		{42D25340-848B-4735-B7E3-B5C431F468AB}.Release|x64.ActiveCfg = Release|Any CPU
		{42D25340-848B-4735-B7E3-B5C431F468AB}.Release|x64.Build.0 = Release|Any CPU
		{42D25340-848B-4735-B7E3-B5C431F468AB}.Release|x86.ActiveCfg = Release|Any CPU
		{42D25340-848B-4735-B7E3-B5C431F468AB}.Release|x86.Build.0 = Release|Any CPU
		{9A45D224-41F1-472F-AB18-7C8E1904202B}.Debug|Any CPU.ActiveCfg = Debug|Any CPU
		{9A45D224-41F1-472F-AB18-7C8E1904202B}.Debug|Any CPU.Build.0 = Debug|Any CPU
		{9A45D224-41F1-472F-AB18-7C8E1904202B}.Debug|x64.ActiveCfg = Debug|Any CPU
		{9A45D224-41F1-472F-AB18-7C8E1904202B}.Debug|x64.Build.0 = Debug|Any CPU
		{9A45D224-41F1-472F-AB18-7C8E1904202B}.Debug|x86.ActiveCfg = Debug|Any CPU
		{9A45D224-41F1-472F-AB18-7C8E1904202B}.Debug|x86.Build.0 = Debug|Any CPU
		{9A45D224-41F1-472F-AB18-7C8E1904202B}.Release|Any CPU.ActiveCfg = Release|Any CPU
		{9A45D224-41F1-472F-AB18-7C8E1904202B}.Release|Any CPU.Build.0 = Release|Any CPU
		{9A45D224-41F1-472F-AB18-7C8E1904202B}.Release|x64.ActiveCfg = Release|Any CPU
		{9A45D224-41F1-472F-AB18-7C8E1904202B}.Release|x64.Build.0 = Release|Any CPU
		{9A45D224-41F1-472F-AB18-7C8E1904202B}.Release|x86.ActiveCfg = Release|Any CPU
		{9A45D224-41F1-472F-AB18-7C8E1904202B}.Release|x86.Build.0 = Release|Any CPU
		{BF4917FF-17AE-491C-9816-C936E0E01482}.Debug|Any CPU.ActiveCfg = Debug|Any CPU
		{BF4917FF-17AE-491C-9816-C936E0E01482}.Debug|Any CPU.Build.0 = Debug|Any CPU
		{BF4917FF-17AE-491C-9816-C936E0E01482}.Debug|x64.ActiveCfg = Debug|Any CPU
		{BF4917FF-17AE-491C-9816-C936E0E01482}.Debug|x64.Build.0 = Debug|Any CPU
		{BF4917FF-17AE-491C-9816-C936E0E01482}.Debug|x86.ActiveCfg = Debug|Any CPU
		{BF4917FF-17AE-491C-9816-C936E0E01482}.Debug|x86.Build.0 = Debug|Any CPU
		{BF4917FF-17AE-491C-9816-C936E0E01482}.Release|Any CPU.ActiveCfg = Release|Any CPU
		{BF4917FF-17AE-491C-9816-C936E0E01482}.Release|Any CPU.Build.0 = Release|Any CPU
		{BF4917FF-17AE-491C-9816-C936E0E01482}.Release|x64.ActiveCfg = Release|Any CPU
		{BF4917FF-17AE-491C-9816-C936E0E01482}.Release|x64.Build.0 = Release|Any CPU
		{BF4917FF-17AE-491C-9816-C936E0E01482}.Release|x86.ActiveCfg = Release|Any CPU
		{BF4917FF-17AE-491C-9816-C936E0E01482}.Release|x86.Build.0 = Release|Any CPU
	EndGlobalSection
	GlobalSection(NestedProjects) = preSolution
		{42D25340-848B-4735-B7E3-B5C431F468AB} = {7546DD36-D0AF-450F-82F1-EF3AA06CBD0A}
		{9A45D224-41F1-472F-AB18-7C8E1904202B} = {7546DD36-D0AF-450F-82F1-EF3AA06CBD0A}
		{FCD64226-3FEA-49D7-B195-01FA6FC658AE} = {8F7CF547-6F90-4915-AADD-0E4B1585AA67}
		{BF4917FF-17AE-491C-9816-C936E0E01482} = {FCD64226-3FEA-49D7-B195-01FA6FC658AE}
	EndGlobalSection
EndGlobal
